
Microsoft Visual Studio Solution File, Format Version 12.00
# Visual Studio Version 17
VisualStudioVersion = 17.4.33213.308
MinimumVisualStudioVersion = 10.0.40219.1
Project("{FAE04EC0-301F-11D3-BF4B-00C04F79EFBC}") = "Ejersicios", "Ejersicios\Ejersicios.csproj", "{1A4254ED-E694-4EED-98A2-DEFAF222082F}"
EndProject
Global
	GlobalSection(SolutionConfigurationPlatforms) = preSolution
		Debug|Any CPU = Debug|Any CPU
		Release|Any CPU = Release|Any CPU
	EndGlobalSection
	GlobalSection(ProjectConfigurationPlatforms) = postSolution
		{1A4254ED-E694-4EED-98A2-DEFAF222082F}.Debug|Any CPU.ActiveCfg = Debug|Any CPU
		{1A4254ED-E694-4EED-98A2-DEFAF222082F}.Debug|Any CPU.Build.0 = Debug|Any CPU
		{1A4254ED-E694-4EED-98A2-DEFAF222082F}.Release|Any CPU.ActiveCfg = Release|Any CPU
		{1A4254ED-E694-4EED-98A2-DEFAF222082F}.Release|Any CPU.Build.0 = Release|Any CPU
	EndGlobalSection
	GlobalSection(SolutionProperties) = preSolution
		HideSolutionNode = FALSE
	EndGlobalSection
	GlobalSection(ExtensibilityGlobals) = postSolution
		SolutionGuid = {6702D263-4489-461C-8ECD-4D5C9B8A4B9B}
	EndGlobalSection
EndGlobal
